{
  "name": "graphql-schema",
  "version": "1.0.0",
  "lockfileVersion": 1,
  "requires": true,
  "dependencies": {
    "@economist/mt-graphql-schema-v1": {
      "version": "1.8.0",
      "resolved": "https://registry.npmjs.org/@economist/mt-graphql-schema-v1/-/mt-graphql-schema-v1-1.8.0.tgz",
      "integrity": "sha1-mManlf80KTxQAff5b2pYc4QYnrw="
    }
  }
}
